dependencies:
- name: nats
  repository: file://charts/nats
  version: 0.1.0
- name: keycloak
  repository: file://charts/keycloak
  version: 0.1.0
- name: keycloak-db
  repository: file://charts/keycloak-db
  version: 0.1.0
- name: historian-svc
  repository: file://charts/historian-svc
  version: 0.1.0
- name: gms-api
  repository: file://charts/gms-api
  version: 0.1.0
- name: openfmb-event-service
  repository: file://charts/openfmb-event-service
  version: 0.1.0
- name: topology-genesis
  repository: file://charts/topology-genesis
  version: 0.1.0
- name: topology-nodes
  repository: file://charts/topology-nodes
  version: 0.1.0
- name: der-dispatch-app
  repository: file://charts/der-dispatch-app
  version: 0.1.0
- name: der-dispatch-svc
  repository: file://charts/der-dispatch-svc
  version: 0.1.0
- name: genesis-node-app
  repository: file://charts/genesis-node-app
  version: 0.1.0
- name: data-viewer-app
  repository: file://charts/data-viewer-app
  version: 0.1.0
- name: event-viewer-app
  repository: file://charts/event-viewer-app
  version: 0.1.0
- name: gis-app
  repository: file://charts/gis-app
  version: 0.1.0
- name: historian-app
  repository: file://charts/historian-app
  version: 0.1.0
- name: inspector-app
  repository: file://charts/inspector-app
  version: 0.1.0
- name: inventory-app
  repository: file://charts/inventory-app
  version: 0.1.0
- name: one-line-app
  repository: file://charts/one-line-app
  version: 0.1.0
- name: openfmb-event-creator-app
  repository: file://charts/openfmb-event-creator-app
  version: 0.1.0
- name: schedule-dispatch-app
  repository: file://charts/schedule-dispatch-app
  version: 0.1.0
- name: ahs-app
  repository: file://charts/ahs-app
  version: 0.1.0
- name: ess-manager-svc
  repository: file://charts/ess-manager-svc
  version: 0.1.0
- name: ess-tester-svc
  repository: file://charts/ess-tester-svc
  version: 0.1.0
- name: asset-health-svc
  repository: file://charts/asset-health-svc
  version: 0.1.0
- name: asset-health-sim-svc
  repository: file://charts/asset-health-sim-svc
  version: 0.1.0
- name: ess-manager-app
  repository: file://charts/ess-manager-app
  version: 0.1.0
- name: ess-tester-app
  repository: file://charts/ess-tester-app
  version: 0.1.0
- name: omegadss-svc
  repository: file://charts/omegadss-svc
  version: 0.1.0
- name: opendso-apps-db
  repository: file://charts/opendso-apps-db
  version: 0.1.0
- name: ess-manager-redis
  repository: file://charts/ess-manager-redis
  version: 0.1.0
- name: rpcdss-svc
  repository: file://charts/rpcdss-svc
  version: 0.1.0
- name: ods-svc
  repository: file://charts/ods-svc
  version: 0.1.0
- name: nats-auth-svc
  repository: file://charts/nats-auth-svc
  version: 0.1.0
digest: sha256:c3d774c17cb5136b887f215c1fe1be3d50e90df2eec119c440470abea2c618d4
generated: "2026-09-24T13:20:01.629488577-04:00"
